
Microsoft Visual Studio Solution File, Format Version 12.00
# Visual Studio 15
VisualStudioVersion = 15.0.28307.757
MinimumVisualStudioVersion = 10.0.40219.1
Project("{FAE04EC0-301F-11D3-BF4B-00C04F79EFBC}") = "TestWorkers", "TestWorkers\TestWorkers.csproj", "{ADAE9FB7-56D8-41FB-888C-9B3740D10BBB}"
EndProject
Global
	GlobalSection(SolutionConfigurationPlatforms) = preSolution
		Debug|Any CPU = Debug|Any CPU
		Release|Any CPU = Release|Any CPU
	EndGlobalSection
	GlobalSection(ProjectConfigurationPlatforms) = postSolution
		{ADAE9FB7-56D8-41FB-888C-9B3740D10BBB}.Debug|Any CPU.ActiveCfg = Debug|Any CPU
		{ADAE9FB7-56D8-41FB-888C-9B3740D10BBB}.Debug|Any CPU.Build.0 = Debug|Any CPU
		{ADAE9FB7-56D8-41FB-888C-9B3740D10BBB}.Release|Any CPU.ActiveCfg = Release|Any CPU
		{ADAE9FB7-56D8-41FB-888C-9B3740D10BBB}.Release|Any CPU.Build.0 = Release|Any CPU
	EndGlobalSection
	GlobalSection(SolutionProperties) = preSolution
		HideSolutionNode = FALSE
	EndGlobalSection
	GlobalSection(ExtensibilityGlobals) = postSolution
		SolutionGuid = {5E789129-FF70-4195-A926-D67BAC4384BD}
	EndGlobalSection
EndGlobal
